
Microsoft Visual Studio Solution File, Format Version 12.00
# Visual Studio Version 17
VisualStudioVersion = 17.6.33723.286
MinimumVisualStudioVersion = 10.0.40219.1
Project("{FAE04EC0-301F-11D3-BF4B-00C04F79EFBC}") = "10.06.zadanie nr1 pp", "10.06.zadanie nr1 pp.csproj", "{4EE75929-306B-4466-AADB-34BA5C81827E}"
EndProject
Global
	GlobalSection(SolutionConfigurationPlatforms) = preSolution
		Debug|Any CPU = Debug|Any CPU
		Release|Any CPU = Release|Any CPU
	EndGlobalSection
	GlobalSection(ProjectConfigurationPlatforms) = postSolution
		{4EE75929-306B-4466-AADB-34BA5C81827E}.Debug|Any CPU.ActiveCfg = Debug|Any CPU
		{4EE75929-306B-4466-AADB-34BA5C81827E}.Debug|Any CPU.Build.0 = Debug|Any CPU
		{4EE75929-306B-4466-AADB-34BA5C81827E}.Release|Any CPU.ActiveCfg = Release|Any CPU
		{4EE75929-306B-4466-AADB-34BA5C81827E}.Release|Any CPU.Build.0 = Release|Any CPU
	EndGlobalSection
	GlobalSection(SolutionProperties) = preSolution
		HideSolutionNode = FALSE
	EndGlobalSection
	GlobalSection(ExtensibilityGlobals) = postSolution
		SolutionGuid = {29520DA6-990A-4D60-88CB-D9A7B860CD5E}
	EndGlobalSection
EndGlobal
